
Microsoft Visual Studio Solution File, Format Version 12.00
# Visual Studio Version 17
VisualStudioVersion = 17.14.36930.0
MinimumVisualStudioVersion = 10.0.40219.1
Project("{FAE04EC0-301F-11D3-BF4B-00C04F79EFBC}") = "XboxDebugConsole", "XboxDebugConsole.csproj", "{8CEC0680-5BE7-4216-A027-11A79DDDE9AB}"
EndProject
Project("{FAE04EC0-301F-11D3-BF4B-00C04F79EFBC}") = "ViridiX.Linguist", "ViridiX\ViridiX.Linguist\ViridiX.Linguist.csproj", "{CA977644-07B4-E9F9-EE50-61E40955A0E0}"
EndProject
Project("{FAE04EC0-301F-11D3-BF4B-00C04F79EFBC}") = "ViridiX.Mason", "ViridiX\ViridiX.Mason\ViridiX.Mason.csproj", "{2C85BB5F-9451-8C1F-4E70-83A89D5E4992}"
EndProject
Global
	GlobalSection(SolutionConfigurationPlatforms) = preSolution
		Debug|Any CPU = Debug|Any CPU
		Release|Any CPU = Release|Any CPU
	EndGlobalSection
	GlobalSection(ProjectConfigurationPlatforms) = postSolution
		{8CEC0680-5BE7-4216-A027-11A79DDDE9AB}.Debug|Any CPU.ActiveCfg = Debug|Any CPU
		{8CEC0680-5BE7-4216-A027-11A79DDDE9AB}.Debug|Any CPU.Build.0 = Debug|Any CPU
		{8CEC0680-5BE7-4216-A027-11A79DDDE9AB}.Release|Any CPU.ActiveCfg = Release|Any CPU
		{8CEC0680-5BE7-4216-A027-11A79DDDE9AB}.Release|Any CPU.Build.0 = Release|Any CPU
		{CA977644-07B4-E9F9-EE50-61E40955A0E0}.Debug|Any CPU.ActiveCfg = Debug|Any CPU
		{CA977644-07B4-E9F9-EE50-61E40955A0E0}.Debug|Any CPU.Build.0 = Debug|Any CPU
		{CA977644-07B4-E9F9-EE50-61E40955A0E0}.Release|Any CPU.ActiveCfg = Release|Any CPU
		{CA977644-07B4-E9F9-EE50-61E40955A0E0}.Release|Any CPU.Build.0 = Release|Any CPU
		{2C85BB5F-9451-8C1F-4E70-83A89D5E4992}.Debug|Any CPU.ActiveCfg = Debug|Any CPU
		{2C85BB5F-9451-8C1F-4E70-83A89D5E4992}.Debug|Any CPU.Build.0 = Debug|Any CPU
		{2C85BB5F-9451-8C1F-4E70-83A89D5E4992}.Release|Any CPU.ActiveCfg = Release|Any CPU
		{2C85BB5F-9451-8C1F-4E70-83A89D5E4992}.Release|Any CPU.Build.0 = Release|Any CPU
	EndGlobalSection
	GlobalSection(SolutionProperties) = preSolution
		HideSolutionNode = FALSE
	EndGlobalSection
	GlobalSection(ExtensibilityGlobals) = postSolution
		SolutionGuid = {BA020E36-C2EA-4169-A9BF-8B3A7255BB1F}
	EndGlobalSection
EndGlobal
